
Microsoft Visual Studio Solution File, Format Version 12.00
Project("{FAE04EC0-301F-11D3-BF4B-00C04F79EFBC}") = "EquilibraMais", "EquilibraMais\EquilibraMais.csproj", "{FF4B854A-0CEA-428B-98B1-E4B275D2193F}"
EndProject
Project("{FAE04EC0-301F-11D3-BF4B-00C04F79EFBC}") = "EquilibraMais.Tests", "EquilibraMais.Tests\EquilibraMais.Tests.csproj", "{A04EE715-E333-457D-956C-B6BDCC6F1D85}"
EndProject
Global
	GlobalSection(SolutionConfigurationPlatforms) = preSolution
		Debug|Any CPU = Debug|Any CPU
		Release|Any CPU = Release|Any CPU
	EndGlobalSection
	GlobalSection(ProjectConfigurationPlatforms) = postSolution
		{FF4B854A-0CEA-428B-98B1-E4B275D2193F}.Debug|Any CPU.ActiveCfg = Debug|Any CPU
		{FF4B854A-0CEA-428B-98B1-E4B275D2193F}.Debug|Any CPU.Build.0 = Debug|Any CPU
		{FF4B854A-0CEA-428B-98B1-E4B275D2193F}.Release|Any CPU.ActiveCfg = Release|Any CPU
		{FF4B854A-0CEA-428B-98B1-E4B275D2193F}.Release|Any CPU.Build.0 = Release|Any CPU
		{A04EE715-E333-457D-956C-B6BDCC6F1D85}.Debug|Any CPU.ActiveCfg = Debug|Any CPU
		{A04EE715-E333-457D-956C-B6BDCC6F1D85}.Debug|Any CPU.Build.0 = Debug|Any CPU
		{A04EE715-E333-457D-956C-B6BDCC6F1D85}.Release|Any CPU.ActiveCfg = Release|Any CPU
		{A04EE715-E333-457D-956C-B6BDCC6F1D85}.Release|Any CPU.Build.0 = Release|Any CPU
	EndGlobalSection
EndGlobal
